<?xml version="1.0" encoding="utf-8"?>
<Project ToolsVersion="4.0" xmlns="http://schemas.microsoft.com/developer/msbuild/2003">
  <ItemGroup>
    <Filter Include="소스 파일">
      <UniqueIdentifier>{4FC737F1-C7A5-4376-A066-2A32D752A2FF}</UniqueIdentifier>
      <Extensions>cpp;c;cc;cxx;c++;cppm;ixx;def;odl;idl;hpj;bat;asm;asmx</Extensions>
    </Filter>
    <Filter Include="헤더 파일">
      <UniqueIdentifier>{93995380-89BD-4b04-88EB-625FBE52EBFB}</UniqueIdentifier>
      <Extensions>h;hh;hpp;hxx;h++;hm;inl;inc;ipp;xsd</Extensions>
    </Filter>
    <Filter Include="리소스 파일">
      <UniqueIdentifier>{67DA6AB6-F800-4c08-8B7A-83BB121AAD01}</UniqueIdentifier>
      <Extensions>rc;ico;cur;bmp;dlg;rc2;rct;bin;rgs;gif;jpg;jpeg;jpe;resx;tiff;tif;png;wav;mfcribbon-ms</Extensions>
    </Filter>
    <Filter Include="CSV 파일">
      <UniqueIdentifier>{b03b2c6c-f4d5-4320-9f45-3754470ae3cf}</UniqueIdentifier>
    </Filter>
    <Filter Include="CSV 파일\과목 파일">
      <UniqueIdentifier>{e6c7243f-35b8-4cd4-907b-7c5193a346be}</UniqueIdentifier>
    </Filter>
  </ItemGroup>
  <ItemGroup>
    <ClCompile Include="Student.cpp">
      <Filter>소스 파일</Filter>
    </ClCompile>
    <ClCompile Include="rwcsv.cpp">
      <Filter>소스 파일</Filter>
    </ClCompile>
    <ClCompile Include="admin.cpp">
      <Filter>소스 파일</Filter>
    </ClCompile>
    <ClCompile Include="Professor.cpp">
      <Filter>소스 파일</Filter>
    </ClCompile>
    <ClCompile Include="User.cpp">
      <Filter>소스 파일</Filter>
    </ClCompile>
    <ClCompile Include="GradeProgram.cpp">
      <Filter>소스 파일</Filter>
    </ClCompile>
  </ItemGroup>
  <ItemGroup>
    <ClInclude Include="Student.h">
      <Filter>헤더 파일</Filter>
    </ClInclude>
    <ClInclude Include="rwcsv.h">
      <Filter>헤더 파일</Filter>
    </ClInclude>
    <ClInclude Include="admin.h">
      <Filter>헤더 파일</Filter>
    </ClInclude>
    <ClInclude Include="User.h">
      <Filter>헤더 파일</Filter>
    </ClInclude>
    <ClInclude Include="Professor.h">
      <Filter>헤더 파일</Filter>
    </ClInclude>
  </ItemGroup>
  <ItemGroup>
    <None Include="professor.csv">
      <Filter>CSV 파일</Filter>
    </None>
    <None Include="student.csv">
      <Filter>CSV 파일</Filter>
    </None>
    <None Include="studentsSubjects.csv">
      <Filter>CSV 파일</Filter>
    </None>
    <None Include="subjectList.csv">
      <Filter>CSV 파일</Filter>
    </None>
    <None Include="논리회로1반.csv">
      <Filter>CSV 파일\과목 파일</Filter>
    </None>
    <None Include="전자기학1반.csv">
      <Filter>CSV 파일\과목 파일</Filter>
    </None>
    <None Include="선형대수학1반.csv">
      <Filter>CSV 파일\과목 파일</Filter>
    </None>
    <None Include="회로이론1반.csv">
      <Filter>CSV 파일\과목 파일</Filter>
    </None>
    <None Include="수치해석1반.csv">
      <Filter>CSV 파일\과목 파일</Filter>
    </None>
    <None Include="기초전자회로1반.csv">
      <Filter>CSV 파일\과목 파일</Filter>
    </None>
    <None Include="물리전자1반.csv">
      <Filter>CSV 파일\과목 파일</Filter>
    </None>
    <None Include="전자장1반.csv">
      <Filter>CSV 파일\과목 파일</Filter>
    </None>
    <None Include="전자회로1반.csv">
      <Filter>CSV 파일\과목 파일</Filter>
    </None>
    <None Include="전기수학1반.csv">
      <Filter>CSV 파일\과목 파일</Filter>
    </None>
    <None Include="논리회로2반.csv">
      <Filter>CSV 파일\과목 파일</Filter>
    </None>
    <None Include="전자기이론1반.csv">
      <Filter>CSV 파일\과목 파일</Filter>
    </None>
    <None Include="전자기학개론1반.csv">
      <Filter>CSV 파일\과목 파일</Filter>
    </None>
  </ItemGroup>
</Project>